
Microsoft Visual Studio Solution File, Format Version 12.00
# Visual Studio 15
VisualStudioVersion = 15.0.27130.2010
MinimumVisualStudioVersion = 10.0.40219.1
Project("{2150E333-8FDC-42A3-9474-1A3956D46DE8}") = ".nuget", ".nuget", "{DFA48E27-7D53-4955-A722-3D91A7119BE7}"
	ProjectSection(SolutionItems) = preProject
		.nuget\NuGet.Config = .nuget\NuGet.Config
		.nuget\NuGet.exe = .nuget\NuGet.exe
		.nuget\NuGet.targets = .nuget\NuGet.targets
	EndProjectSection
EndProject
Project("{FAE04EC0-301F-11D3-BF4B-00C04F79EFBC}") = "Platform.Core", "Platform.Core\Platform.Core.csproj", "{17298EA0-AF73-4F30-B6F1-2066100D7D74}"
EndProject
Project("{FAE04EC0-301F-11D3-BF4B-00C04F79EFBC}") = "Platform.Application", "Platform.Application\Platform.Application.csproj", "{EDF5D964-4C0F-4F19-B674-58A38A5E5401}"
EndProject
Project("{FAE04EC0-301F-11D3-BF4B-00C04F79EFBC}") = "Platform.EntityFramework", "Platform.EntityFramework\Platform.EntityFramework.csproj", "{3979F157-DEB0-4878-AB1D-4CEF6B5A1300}"
EndProject
Project("{FAE04EC0-301F-11D3-BF4B-00C04F79EFBC}") = "Platform.WebApi", "Platform.WebApi\Platform.WebApi.csproj", "{5EB52D3D-09FD-463A-B02A-8D9856BD3724}"
EndProject
Project("{2150E333-8FDC-42A3-9474-1A3956D46DE8}") = "00 Test", "00 Test", "{7E85C7E5-70BD-4C9D-B052-D95955F46609}"
EndProject
Project("{FAE04EC0-301F-11D3-BF4B-00C04F79EFBC}") = "Platform.Tests", "Tests\Platform.Tests\Platform.Tests.csproj", "{C602C47E-F379-40A3-A146-4F19105B3491}"
EndProject
Project("{2150E333-8FDC-42A3-9474-1A3956D46DE8}") = "Tools", "Tools", "{7408541C-F99C-4197-B203-136115BD1CB9}"
EndProject
Project("{FAE04EC0-301F-11D3-BF4B-00C04F79EFBC}") = "Platform.Migrator", "Tools\Platform.Migrator\Platform.Migrator.csproj", "{6F98C2F2-898A-421B-BE3D-68FE69EC0646}"
EndProject
Project("{2150E333-8FDC-42A3-9474-1A3956D46DE8}") = "10 User Interface", "10 User Interface", "{A98E6C9C-09F0-485B-9171-5C3627F62B82}"
EndProject
Project("{2150E333-8FDC-42A3-9474-1A3956D46DE8}") = "20 Application", "20 Application", "{55A068EF-807D-4DDC-9870-B43151D810BF}"
EndProject
Project("{2150E333-8FDC-42A3-9474-1A3956D46DE8}") = "30 Repository", "30 Repository", "{2CDA01F5-52B5-4061-919A-3298B7EDDB90}"
EndProject
Project("{2150E333-8FDC-42A3-9474-1A3956D46DE8}") = "40 Domain Model", "40 Domain Model", "{6E092D04-356D-4E4B-9E9F-C6B070436470}"
EndProject
Project("{2150E333-8FDC-42A3-9474-1A3956D46DE8}") = "99 Utility Library", "99 Utility Library", "{528AF273-C0D3-4D25-ACCF-B55665515C26}"
EndProject
Project("{FAE04EC0-301F-11D3-BF4B-00C04F79EFBC}") = "GeetestSDK", "UtilityLibrary\GeetestSDK\GeetestSDK.csproj", "{CC55EA94-B545-404C-B5BF-0AD5358DFCB5}"
EndProject
Project("{FAE04EC0-301F-11D3-BF4B-00C04F79EFBC}") = "Abp", "Abp\Abp.csproj", "{23DAF539-548B-4B2B-B3EA-CF18273911CE}"
EndProject
Project("{FAE04EC0-301F-11D3-BF4B-00C04F79EFBC}") = "Abp.Zero.Common", "Abp.Zero.Common\Abp.Zero.Common.csproj", "{BE8AE188-F4B6-4862-98BF-ACAC139B5BB9}"
EndProject
Project("{FAE04EC0-301F-11D3-BF4B-00C04F79EFBC}") = "Abp.Zero.EntityFramework", "Abp.Zero.EntityFramework\Abp.Zero.EntityFramework.csproj", "{8A6BE497-C47B-4C13-AB43-B2E294788394}"
EndProject
Project("{FAE04EC0-301F-11D3-BF4B-00C04F79EFBC}") = "Abp.Zero.NHibernate", "Abp.Zero.NHibernate\Abp.Zero.NHibernate.csproj", "{F1E0DECB-03CE-4311-B0D0-0D856CC614EA}"
EndProject
Project("{FAE04EC0-301F-11D3-BF4B-00C04F79EFBC}") = "Abp.Web.Resources", "Abp.Web.Resources\Abp.Web.Resources.csproj", "{A6DB2287-BECD-4767-9757-EA16216A1142}"
EndProject
Project("{FAE04EC0-301F-11D3-BF4B-00C04F79EFBC}") = "Abp.AutoMapper", "Abp.AutoMapper\Abp.AutoMapper.csproj", "{6F829EE3-073C-4671-9CA9-CE1B8365AC5F}"
EndProject
Project("{FAE04EC0-301F-11D3-BF4B-00C04F79EFBC}") = "Abp.Castle.Log4Net", "Abp.Castle.Log4Net\Abp.Castle.Log4Net.csproj", "{48DB1ED7-6BD3-44F1-B304-84584EA68C60}"
EndProject
Project("{FAE04EC0-301F-11D3-BF4B-00C04F79EFBC}") = "Abp.EntityFramework.Common", "Abp.EntityFramework.Common\Abp.EntityFramework.Common.csproj", "{8147026D-BF9D-4EAC-A965-4EF55E30E10B}"
EndProject
Project("{FAE04EC0-301F-11D3-BF4B-00C04F79EFBC}") = "Abp.EntityFramework", "Abp.EntityFramework\Abp.EntityFramework.csproj", "{5C00C0B2-5545-46E6-88E4-A12E2C22D1E1}"
EndProject
Project("{FAE04EC0-301F-11D3-BF4B-00C04F79EFBC}") = "Abp.Dapper", "Abp.Dapper\Abp.Dapper.csproj", "{265D77FC-FF95-493C-852C-ADEF11BEFC48}"
EndProject
Project("{FAE04EC0-301F-11D3-BF4B-00C04F79EFBC}") = "Abp.EntityFramework.GraphDiff", "Abp.EntityFramework.GraphDiff\Abp.EntityFramework.GraphDiff.csproj", "{317305A2-E7F5-4435-81BA-7BB2AA0C5D73}"
EndProject
Project("{FAE04EC0-301F-11D3-BF4B-00C04F79EFBC}") = "Abp.FluentMigrator", "Abp.FluentMigrator\Abp.FluentMigrator.csproj", "{21D1C89A-C15B-4358-8C2E-DCB4C51A279D}"
EndProject
Project("{FAE04EC0-301F-11D3-BF4B-00C04F79EFBC}") = "Abp.HangFire", "Abp.HangFire\Abp.HangFire.csproj", "{4244CCF7-9886-4E5C-9B23-B78B399927C5}"
EndProject
Project("{FAE04EC0-301F-11D3-BF4B-00C04F79EFBC}") = "Abp.MailKit", "Abp.MailKit\Abp.MailKit.csproj", "{6E2B96D2-6D21-4499-A02F-57034E8353E9}"
EndProject
Project("{FAE04EC0-301F-11D3-BF4B-00C04F79EFBC}") = "Abp.MemoryDb", "Abp.MemoryDb\Abp.MemoryDb.csproj", "{86C1EC13-9311-4260-855F-8EF9E6282F33}"
EndProject
Project("{FAE04EC0-301F-11D3-BF4B-00C04F79EFBC}") = "Abp.MongoDB", "Abp.MongoDB\Abp.MongoDB.csproj", "{42E65D50-FE6D-472F-947C-BF33C2520081}"
EndProject
Project("{FAE04EC0-301F-11D3-BF4B-00C04F79EFBC}") = "Abp.NHibernate", "Abp.NHibernate\Abp.NHibernate.csproj", "{7838CF95-E4B4-4B13-8C03-F1B1F1608C28}"
EndProject
Project("{FAE04EC0-301F-11D3-BF4B-00C04F79EFBC}") = "Abp.Quartz", "Abp.Quartz\Abp.Quartz.csproj", "{3E1A8438-CC7D-4DCB-B576-0A031C09B4F5}"
EndProject
Project("{FAE04EC0-301F-11D3-BF4B-00C04F79EFBC}") = "Abp.RedisCache", "Abp.RedisCache\Abp.RedisCache.csproj", "{213C4226-E831-4CBC-9545-2D62F800DDF0}"
EndProject
Project("{FAE04EC0-301F-11D3-BF4B-00C04F79EFBC}") = "Abp.RedisCache.ProtoBuf", "Abp.RedisCache.ProtoBuf\Abp.RedisCache.ProtoBuf.csproj", "{EFF2D29C-D189-4048-9402-0AFC1364D663}"
EndProject
Project("{FAE04EC0-301F-11D3-BF4B-00C04F79EFBC}") = "Abp.TestBase", "Abp.TestBase\Abp.TestBase.csproj", "{CCE4DC0A-8E61-4A9E-8EF6-3DC8A03162F1}"
EndProject
Project("{FAE04EC0-301F-11D3-BF4B-00C04F79EFBC}") = "Abp.Web.SignalR", "Abp.Web.SignalR\Abp.Web.SignalR.csproj", "{2E9BC533-ED2C-453F-BB6F-90E6DA3D0785}"
EndProject
Project("{FAE04EC0-301F-11D3-BF4B-00C04F79EFBC}") = "Abp.Web.Common", "Abp.Web.Common\Abp.Web.Common.csproj", "{CF19C6A0-BD8B-480C-8796-BFB8BE960B12}"
EndProject
Project("{FAE04EC0-301F-11D3-BF4B-00C04F79EFBC}") = "Abp.Owin", "Abp.Owin\Abp.Owin.csproj", "{F8A18B3B-AA8B-42CB-9BBD-DAD18CB4858F}"
EndProject
Project("{FAE04EC0-301F-11D3-BF4B-00C04F79EFBC}") = "Abp.Web", "Abp.Web\Abp.Web.csproj", "{E189D2DE-E65E-4861-AA90-BCB777AF1D2C}"
EndProject
Project("{FAE04EC0-301F-11D3-BF4B-00C04F79EFBC}") = "Abp.Web.Mvc", "Abp.Web.Mvc\Abp.Web.Mvc.csproj", "{DFF92D94-4131-4C57-8286-9B5E16E6DA30}"
EndProject
Project("{FAE04EC0-301F-11D3-BF4B-00C04F79EFBC}") = "Abp.Web.Api", "Abp.Web.Api\Abp.Web.Api.csproj", "{18F0278F-BEF3-41E3-9064-5FD94FC81C23}"
EndProject
Project("{FAE04EC0-301F-11D3-BF4B-00C04F79EFBC}") = "Abp.Web.Api.OData", "Abp.Web.Api.OData\Abp.Web.Api.OData.csproj", "{4DA83367-E03C-4A42-B4F2-DB08BEFE25A9}"
EndProject
Project("{FAE04EC0-301F-11D3-BF4B-00C04F79EFBC}") = "Abp.Zero.Ldap", "Abp.Zero.Ldap\Abp.Zero.Ldap.csproj", "{94000EDC-D97F-4F7E-95B4-94481384B6BA}"
EndProject
Project("{FAE04EC0-301F-11D3-BF4B-00C04F79EFBC}") = "Abp.Zero", "Abp.Zero\Abp.Zero.csproj", "{942D1D98-7994-4AE2-A11B-EAB0D41B0A5D}"
EndProject
Project("{FAE04EC0-301F-11D3-BF4B-00C04F79EFBC}") = "Abp.Zero.Owin", "Abp.Zero.Owin\Abp.Zero.Owin.csproj", "{1D14631D-89F1-4159-B970-184ECF08A3A1}"
EndProject
Project("{FAE04EC0-301F-11D3-BF4B-00C04F79EFBC}") = "Platform.Cms.Web", "Platform.Web\Platform.Cms.Web.csproj", "{897F6FD8-6F90-48E4-95A5-B4429B896205}"
EndProject
Project("{FAE04EC0-301F-11D3-BF4B-00C04F79EFBC}") = "Cms", "Platform.Web\Plugins\Cms\Cms.csproj", "{7C7A0373-ABAE-4E98-9B20-BE3D99029152}"
EndProject
Project("{2150E333-8FDC-42A3-9474-1A3956D46DE8}") = "11 Plugins", "11 Plugins", "{415567C0-4FE3-4630-AB68-0A9EB6BFA5A0}"
EndProject
Global
	GlobalSection(SolutionConfigurationPlatforms) = preSolution
		Debug|Any CPU = Debug|Any CPU
		Release|Any CPU = Release|Any CPU
	EndGlobalSection
	GlobalSection(ProjectConfigurationPlatforms) = postSolution
		{17298EA0-AF73-4F30-B6F1-2066100D7D74}.Debug|Any CPU.ActiveCfg = Debug|Any CPU
		{17298EA0-AF73-4F30-B6F1-2066100D7D74}.Debug|Any CPU.Build.0 = Debug|Any CPU
		{17298EA0-AF73-4F30-B6F1-2066100D7D74}.Release|Any CPU.ActiveCfg = Release|Any CPU
		{17298EA0-AF73-4F30-B6F1-2066100D7D74}.Release|Any CPU.Build.0 = Release|Any CPU
		{EDF5D964-4C0F-4F19-B674-58A38A5E5401}.Debug|Any CPU.ActiveCfg = Debug|Any CPU
		{EDF5D964-4C0F-4F19-B674-58A38A5E5401}.Debug|Any CPU.Build.0 = Debug|Any CPU
		{EDF5D964-4C0F-4F19-B674-58A38A5E5401}.Release|Any CPU.ActiveCfg = Release|Any CPU
		{EDF5D964-4C0F-4F19-B674-58A38A5E5401}.Release|Any CPU.Build.0 = Release|Any CPU
		{3979F157-DEB0-4878-AB1D-4CEF6B5A1300}.Debug|Any CPU.ActiveCfg = Debug|Any CPU
		{3979F157-DEB0-4878-AB1D-4CEF6B5A1300}.Debug|Any CPU.Build.0 = Debug|Any CPU
		{3979F157-DEB0-4878-AB1D-4CEF6B5A1300}.Release|Any CPU.ActiveCfg = Release|Any CPU
		{3979F157-DEB0-4878-AB1D-4CEF6B5A1300}.Release|Any CPU.Build.0 = Release|Any CPU
		{5EB52D3D-09FD-463A-B02A-8D9856BD3724}.Debug|Any CPU.ActiveCfg = Debug|Any CPU
		{5EB52D3D-09FD-463A-B02A-8D9856BD3724}.Debug|Any CPU.Build.0 = Debug|Any CPU
		{5EB52D3D-09FD-463A-B02A-8D9856BD3724}.Release|Any CPU.ActiveCfg = Release|Any CPU
		{5EB52D3D-09FD-463A-B02A-8D9856BD3724}.Release|Any CPU.Build.0 = Release|Any CPU
		{C602C47E-F379-40A3-A146-4F19105B3491}.Debug|Any CPU.ActiveCfg = Debug|Any CPU
		{C602C47E-F379-40A3-A146-4F19105B3491}.Debug|Any CPU.Build.0 = Debug|Any CPU
		{C602C47E-F379-40A3-A146-4F19105B3491}.Release|Any CPU.ActiveCfg = Release|Any CPU
		{C602C47E-F379-40A3-A146-4F19105B3491}.Release|Any CPU.Build.0 = Release|Any CPU
		{6F98C2F2-898A-421B-BE3D-68FE69EC0646}.Debug|Any CPU.ActiveCfg = Debug|Any CPU
		{6F98C2F2-898A-421B-BE3D-68FE69EC0646}.Debug|Any CPU.Build.0 = Debug|Any CPU
		{6F98C2F2-898A-421B-BE3D-68FE69EC0646}.Release|Any CPU.ActiveCfg = Release|Any CPU
		{6F98C2F2-898A-421B-BE3D-68FE69EC0646}.Release|Any CPU.Build.0 = Release|Any CPU
		{CC55EA94-B545-404C-B5BF-0AD5358DFCB5}.Debug|Any CPU.ActiveCfg = Debug|Any CPU
		{CC55EA94-B545-404C-B5BF-0AD5358DFCB5}.Debug|Any CPU.Build.0 = Debug|Any CPU
		{CC55EA94-B545-404C-B5BF-0AD5358DFCB5}.Release|Any CPU.ActiveCfg = Release|Any CPU
		{CC55EA94-B545-404C-B5BF-0AD5358DFCB5}.Release|Any CPU.Build.0 = Release|Any CPU
		{23DAF539-548B-4B2B-B3EA-CF18273911CE}.Debug|Any CPU.ActiveCfg = Debug|Any CPU
		{23DAF539-548B-4B2B-B3EA-CF18273911CE}.Debug|Any CPU.Build.0 = Debug|Any CPU
		{23DAF539-548B-4B2B-B3EA-CF18273911CE}.Release|Any CPU.ActiveCfg = Release|Any CPU
		{23DAF539-548B-4B2B-B3EA-CF18273911CE}.Release|Any CPU.Build.0 = Release|Any CPU
		{BE8AE188-F4B6-4862-98BF-ACAC139B5BB9}.Debug|Any CPU.ActiveCfg = Debug|Any CPU
		{BE8AE188-F4B6-4862-98BF-ACAC139B5BB9}.Debug|Any CPU.Build.0 = Debug|Any CPU
		{BE8AE188-F4B6-4862-98BF-ACAC139B5BB9}.Release|Any CPU.ActiveCfg = Release|Any CPU
		{BE8AE188-F4B6-4862-98BF-ACAC139B5BB9}.Release|Any CPU.Build.0 = Release|Any CPU
		{8A6BE497-C47B-4C13-AB43-B2E294788394}.Debug|Any CPU.ActiveCfg = Debug|Any CPU
		{8A6BE497-C47B-4C13-AB43-B2E294788394}.Debug|Any CPU.Build.0 = Debug|Any CPU
		{8A6BE497-C47B-4C13-AB43-B2E294788394}.Release|Any CPU.ActiveCfg = Release|Any CPU
		{8A6BE497-C47B-4C13-AB43-B2E294788394}.Release|Any CPU.Build.0 = Release|Any CPU
		{F1E0DECB-03CE-4311-B0D0-0D856CC614EA}.Debug|Any CPU.ActiveCfg = Debug|Any CPU
		{F1E0DECB-03CE-4311-B0D0-0D856CC614EA}.Debug|Any CPU.Build.0 = Debug|Any CPU
		{F1E0DECB-03CE-4311-B0D0-0D856CC614EA}.Release|Any CPU.ActiveCfg = Release|Any CPU
		{F1E0DECB-03CE-4311-B0D0-0D856CC614EA}.Release|Any CPU.Build.0 = Release|Any CPU
		{A6DB2287-BECD-4767-9757-EA16216A1142}.Debug|Any CPU.ActiveCfg = Debug|Any CPU
		{A6DB2287-BECD-4767-9757-EA16216A1142}.Debug|Any CPU.Build.0 = Debug|Any CPU
		{A6DB2287-BECD-4767-9757-EA16216A1142}.Release|Any CPU.ActiveCfg = Release|Any CPU
		{A6DB2287-BECD-4767-9757-EA16216A1142}.Release|Any CPU.Build.0 = Release|Any CPU
		{6F829EE3-073C-4671-9CA9-CE1B8365AC5F}.Debug|Any CPU.ActiveCfg = Debug|Any CPU
		{6F829EE3-073C-4671-9CA9-CE1B8365AC5F}.Debug|Any CPU.Build.0 = Debug|Any CPU
		{6F829EE3-073C-4671-9CA9-CE1B8365AC5F}.Release|Any CPU.ActiveCfg = Release|Any CPU
		{6F829EE3-073C-4671-9CA9-CE1B8365AC5F}.Release|Any CPU.Build.0 = Release|Any CPU
		{48DB1ED7-6BD3-44F1-B304-84584EA68C60}.Debug|Any CPU.ActiveCfg = Debug|Any CPU
		{48DB1ED7-6BD3-44F1-B304-84584EA68C60}.Debug|Any CPU.Build.0 = Debug|Any CPU
		{48DB1ED7-6BD3-44F1-B304-84584EA68C60}.Release|Any CPU.ActiveCfg = Release|Any CPU
		{48DB1ED7-6BD3-44F1-B304-84584EA68C60}.Release|Any CPU.Build.0 = Release|Any CPU
		{8147026D-BF9D-4EAC-A965-4EF55E30E10B}.Debug|Any CPU.ActiveCfg = Debug|Any CPU
		{8147026D-BF9D-4EAC-A965-4EF55E30E10B}.Debug|Any CPU.Build.0 = Debug|Any CPU
		{8147026D-BF9D-4EAC-A965-4EF55E30E10B}.Release|Any CPU.ActiveCfg = Release|Any CPU
		{8147026D-BF9D-4EAC-A965-4EF55E30E10B}.Release|Any CPU.Build.0 = Release|Any CPU
		{5C00C0B2-5545-46E6-88E4-A12E2C22D1E1}.Debug|Any CPU.ActiveCfg = Debug|Any CPU
		{5C00C0B2-5545-46E6-88E4-A12E2C22D1E1}.Debug|Any CPU.Build.0 = Debug|Any CPU
		{5C00C0B2-5545-46E6-88E4-A12E2C22D1E1}.Release|Any CPU.ActiveCfg = Release|Any CPU
		{5C00C0B2-5545-46E6-88E4-A12E2C22D1E1}.Release|Any CPU.Build.0 = Release|Any CPU
		{265D77FC-FF95-493C-852C-ADEF11BEFC48}.Debug|Any CPU.ActiveCfg = Debug|Any CPU
		{265D77FC-FF95-493C-852C-ADEF11BEFC48}.Debug|Any CPU.Build.0 = Debug|Any CPU
		{265D77FC-FF95-493C-852C-ADEF11BEFC48}.Release|Any CPU.ActiveCfg = Release|Any CPU
		{265D77FC-FF95-493C-852C-ADEF11BEFC48}.Release|Any CPU.Build.0 = Release|Any CPU
		{317305A2-E7F5-4435-81BA-7BB2AA0C5D73}.Debug|Any CPU.ActiveCfg = Debug|Any CPU
		{317305A2-E7F5-4435-81BA-7BB2AA0C5D73}.Debug|Any CPU.Build.0 = Debug|Any CPU
		{317305A2-E7F5-4435-81BA-7BB2AA0C5D73}.Release|Any CPU.ActiveCfg = Release|Any CPU
		{317305A2-E7F5-4435-81BA-7BB2AA0C5D73}.Release|Any CPU.Build.0 = Release|Any CPU
		{21D1C89A-C15B-4358-8C2E-DCB4C51A279D}.Debug|Any CPU.ActiveCfg = Debug|Any CPU
		{21D1C89A-C15B-4358-8C2E-DCB4C51A279D}.Debug|Any CPU.Build.0 = Debug|Any CPU
		{21D1C89A-C15B-4358-8C2E-DCB4C51A279D}.Release|Any CPU.ActiveCfg = Release|Any CPU
		{21D1C89A-C15B-4358-8C2E-DCB4C51A279D}.Release|Any CPU.Build.0 = Release|Any CPU
		{4244CCF7-9886-4E5C-9B23-B78B399927C5}.Debug|Any CPU.ActiveCfg = Debug|Any CPU
		{4244CCF7-9886-4E5C-9B23-B78B399927C5}.Debug|Any CPU.Build.0 = Debug|Any CPU
		{4244CCF7-9886-4E5C-9B23-B78B399927C5}.Release|Any CPU.ActiveCfg = Release|Any CPU
		{4244CCF7-9886-4E5C-9B23-B78B399927C5}.Release|Any CPU.Build.0 = Release|Any CPU
		{6E2B96D2-6D21-4499-A02F-57034E8353E9}.Debug|Any CPU.ActiveCfg = Debug|Any CPU
		{6E2B96D2-6D21-4499-A02F-57034E8353E9}.Debug|Any CPU.Build.0 = Debug|Any CPU
		{6E2B96D2-6D21-4499-A02F-57034E8353E9}.Release|Any CPU.ActiveCfg = Release|Any CPU
		{6E2B96D2-6D21-4499-A02F-57034E8353E9}.Release|Any CPU.Build.0 = Release|Any CPU
		{86C1EC13-9311-4260-855F-8EF9E6282F33}.Debug|Any CPU.ActiveCfg = Debug|Any CPU
		{86C1EC13-9311-4260-855F-8EF9E6282F33}.Debug|Any CPU.Build.0 = Debug|Any CPU
		{86C1EC13-9311-4260-855F-8EF9E6282F33}.Release|Any CPU.ActiveCfg = Release|Any CPU
		{86C1EC13-9311-4260-855F-8EF9E6282F33}.Release|Any CPU.Build.0 = Release|Any CPU
		{42E65D50-FE6D-472F-947C-BF33C2520081}.Debug|Any CPU.ActiveCfg = Debug|Any CPU
		{42E65D50-FE6D-472F-947C-BF33C2520081}.Debug|Any CPU.Build.0 = Debug|Any CPU
		{42E65D50-FE6D-472F-947C-BF33C2520081}.Release|Any CPU.ActiveCfg = Release|Any CPU
		{42E65D50-FE6D-472F-947C-BF33C2520081}.Release|Any CPU.Build.0 = Release|Any CPU
		{7838CF95-E4B4-4B13-8C03-F1B1F1608C28}.Debug|Any CPU.ActiveCfg = Debug|Any CPU
		{7838CF95-E4B4-4B13-8C03-F1B1F1608C28}.Debug|Any CPU.Build.0 = Debug|Any CPU
		{7838CF95-E4B4-4B13-8C03-F1B1F1608C28}.Release|Any CPU.ActiveCfg = Release|Any CPU
		{7838CF95-E4B4-4B13-8C03-F1B1F1608C28}.Release|Any CPU.Build.0 = Release|Any CPU
		{3E1A8438-CC7D-4DCB-B576-0A031C09B4F5}.Debug|Any CPU.ActiveCfg = Debug|Any CPU
		{3E1A8438-CC7D-4DCB-B576-0A031C09B4F5}.Debug|Any CPU.Build.0 = Debug|Any CPU
		{3E1A8438-CC7D-4DCB-B576-0A031C09B4F5}.Release|Any CPU.ActiveCfg = Release|Any CPU
		{3E1A8438-CC7D-4DCB-B576-0A031C09B4F5}.Release|Any CPU.Build.0 = Release|Any CPU
		{213C4226-E831-4CBC-9545-2D62F800DDF0}.Debug|Any CPU.ActiveCfg = Debug|Any CPU
		{213C4226-E831-4CBC-9545-2D62F800DDF0}.Debug|Any CPU.Build.0 = Debug|Any CPU
		{213C4226-E831-4CBC-9545-2D62F800DDF0}.Release|Any CPU.ActiveCfg = Release|Any CPU
		{213C4226-E831-4CBC-9545-2D62F800DDF0}.Release|Any CPU.Build.0 = Release|Any CPU
		{EFF2D29C-D189-4048-9402-0AFC1364D663}.Debug|Any CPU.ActiveCfg = Debug|Any CPU
		{EFF2D29C-D189-4048-9402-0AFC1364D663}.Debug|Any CPU.Build.0 = Debug|Any CPU
		{EFF2D29C-D189-4048-9402-0AFC1364D663}.Release|Any CPU.ActiveCfg = Release|Any CPU
		{EFF2D29C-D189-4048-9402-0AFC1364D663}.Release|Any CPU.Build.0 = Release|Any CPU
		{CCE4DC0A-8E61-4A9E-8EF6-3DC8A03162F1}.Debug|Any CPU.ActiveCfg = Debug|Any CPU
		{CCE4DC0A-8E61-4A9E-8EF6-3DC8A03162F1}.Debug|Any CPU.Build.0 = Debug|Any CPU
		{CCE4DC0A-8E61-4A9E-8EF6-3DC8A03162F1}.Release|Any CPU.ActiveCfg = Release|Any CPU
		{CCE4DC0A-8E61-4A9E-8EF6-3DC8A03162F1}.Release|Any CPU.Build.0 = Release|Any CPU
		{2E9BC533-ED2C-453F-BB6F-90E6DA3D0785}.Debug|Any CPU.ActiveCfg = Debug|Any CPU
		{2E9BC533-ED2C-453F-BB6F-90E6DA3D0785}.Debug|Any CPU.Build.0 = Debug|Any CPU
		{2E9BC533-ED2C-453F-BB6F-90E6DA3D0785}.Release|Any CPU.ActiveCfg = Release|Any CPU
		{2E9BC533-ED2C-453F-BB6F-90E6DA3D0785}.Release|Any CPU.Build.0 = Release|Any CPU
		{CF19C6A0-BD8B-480C-8796-BFB8BE960B12}.Debug|Any CPU.ActiveCfg = Debug|Any CPU
		{CF19C6A0-BD8B-480C-8796-BFB8BE960B12}.Debug|Any CPU.Build.0 = Debug|Any CPU
		{CF19C6A0-BD8B-480C-8796-BFB8BE960B12}.Release|Any CPU.ActiveCfg = Release|Any CPU
		{CF19C6A0-BD8B-480C-8796-BFB8BE960B12}.Release|Any CPU.Build.0 = Release|Any CPU
		{F8A18B3B-AA8B-42CB-9BBD-DAD18CB4858F}.Debug|Any CPU.ActiveCfg = Debug|Any CPU
		{F8A18B3B-AA8B-42CB-9BBD-DAD18CB4858F}.Debug|Any CPU.Build.0 = Debug|Any CPU
		{F8A18B3B-AA8B-42CB-9BBD-DAD18CB4858F}.Release|Any CPU.ActiveCfg = Release|Any CPU
		{F8A18B3B-AA8B-42CB-9BBD-DAD18CB4858F}.Release|Any CPU.Build.0 = Release|Any CPU
		{E189D2DE-E65E-4861-AA90-BCB777AF1D2C}.Debug|Any CPU.ActiveCfg = Debug|Any CPU
		{E189D2DE-E65E-4861-AA90-BCB777AF1D2C}.Debug|Any CPU.Build.0 = Debug|Any CPU
		{E189D2DE-E65E-4861-AA90-BCB777AF1D2C}.Release|Any CPU.ActiveCfg = Release|Any CPU
		{E189D2DE-E65E-4861-AA90-BCB777AF1D2C}.Release|Any CPU.Build.0 = Release|Any CPU
		{DFF92D94-4131-4C57-8286-9B5E16E6DA30}.Debug|Any CPU.ActiveCfg = Debug|Any CPU
		{DFF92D94-4131-4C57-8286-9B5E16E6DA30}.Debug|Any CPU.Build.0 = Debug|Any CPU
		{DFF92D94-4131-4C57-8286-9B5E16E6DA30}.Release|Any CPU.ActiveCfg = Release|Any CPU
		{DFF92D94-4131-4C57-8286-9B5E16E6DA30}.Release|Any CPU.Build.0 = Release|Any CPU
		{18F0278F-BEF3-41E3-9064-5FD94FC81C23}.Debug|Any CPU.ActiveCfg = Debug|Any CPU
		{18F0278F-BEF3-41E3-9064-5FD94FC81C23}.Debug|Any CPU.Build.0 = Debug|Any CPU
		{18F0278F-BEF3-41E3-9064-5FD94FC81C23}.Release|Any CPU.ActiveCfg = Release|Any CPU
		{18F0278F-BEF3-41E3-9064-5FD94FC81C23}.Release|Any CPU.Build.0 = Release|Any CPU
		{4DA83367-E03C-4A42-B4F2-DB08BEFE25A9}.Debug|Any CPU.ActiveCfg = Debug|Any CPU
		{4DA83367-E03C-4A42-B4F2-DB08BEFE25A9}.Debug|Any CPU.Build.0 = Debug|Any CPU
		{4DA83367-E03C-4A42-B4F2-DB08BEFE25A9}.Release|Any CPU.ActiveCfg = Release|Any CPU
		{4DA83367-E03C-4A42-B4F2-DB08BEFE25A9}.Release|Any CPU.Build.0 = Release|Any CPU
		{94000EDC-D97F-4F7E-95B4-94481384B6BA}.Debug|Any CPU.ActiveCfg = Debug|Any CPU
		{94000EDC-D97F-4F7E-95B4-94481384B6BA}.Debug|Any CPU.Build.0 = Debug|Any CPU
		{94000EDC-D97F-4F7E-95B4-94481384B6BA}.Release|Any CPU.ActiveCfg = Release|Any CPU
		{94000EDC-D97F-4F7E-95B4-94481384B6BA}.Release|Any CPU.Build.0 = Release|Any CPU
		{942D1D98-7994-4AE2-A11B-EAB0D41B0A5D}.Debug|Any CPU.ActiveCfg = Debug|Any CPU
		{942D1D98-7994-4AE2-A11B-EAB0D41B0A5D}.Debug|Any CPU.Build.0 = Debug|Any CPU
		{942D1D98-7994-4AE2-A11B-EAB0D41B0A5D}.Release|Any CPU.ActiveCfg = Release|Any CPU
		{942D1D98-7994-4AE2-A11B-EAB0D41B0A5D}.Release|Any CPU.Build.0 = Release|Any CPU
		{1D14631D-89F1-4159-B970-184ECF08A3A1}.Debug|Any CPU.ActiveCfg = Debug|Any CPU
		{1D14631D-89F1-4159-B970-184ECF08A3A1}.Debug|Any CPU.Build.0 = Debug|Any CPU
		{1D14631D-89F1-4159-B970-184ECF08A3A1}.Release|Any CPU.ActiveCfg = Release|Any CPU
		{1D14631D-89F1-4159-B970-184ECF08A3A1}.Release|Any CPU.Build.0 = Release|Any CPU
		{897F6FD8-6F90-48E4-95A5-B4429B896205}.Debug|Any CPU.ActiveCfg = Debug|Any CPU
		{897F6FD8-6F90-48E4-95A5-B4429B896205}.Debug|Any CPU.Build.0 = Debug|Any CPU
		{897F6FD8-6F90-48E4-95A5-B4429B896205}.Release|Any CPU.ActiveCfg = Release|Any CPU
		{897F6FD8-6F90-48E4-95A5-B4429B896205}.Release|Any CPU.Build.0 = Release|Any CPU
		{7C7A0373-ABAE-4E98-9B20-BE3D99029152}.Debug|Any CPU.ActiveCfg = Debug|Any CPU
		{7C7A0373-ABAE-4E98-9B20-BE3D99029152}.Debug|Any CPU.Build.0 = Debug|Any CPU
		{7C7A0373-ABAE-4E98-9B20-BE3D99029152}.Release|Any CPU.ActiveCfg = Release|Any CPU
		{7C7A0373-ABAE-4E98-9B20-BE3D99029152}.Release|Any CPU.Build.0 = Release|Any CPU
	EndGlobalSection
	GlobalSection(SolutionProperties) = preSolution
		HideSolutionNode = FALSE
	EndGlobalSection
	GlobalSection(NestedProjects) = preSolution
		{17298EA0-AF73-4F30-B6F1-2066100D7D74} = {6E092D04-356D-4E4B-9E9F-C6B070436470}
		{EDF5D964-4C0F-4F19-B674-58A38A5E5401} = {55A068EF-807D-4DDC-9870-B43151D810BF}
		{3979F157-DEB0-4878-AB1D-4CEF6B5A1300} = {2CDA01F5-52B5-4061-919A-3298B7EDDB90}
		{5EB52D3D-09FD-463A-B02A-8D9856BD3724} = {A98E6C9C-09F0-485B-9171-5C3627F62B82}
		{C602C47E-F379-40A3-A146-4F19105B3491} = {7E85C7E5-70BD-4C9D-B052-D95955F46609}
		{7408541C-F99C-4197-B203-136115BD1CB9} = {A98E6C9C-09F0-485B-9171-5C3627F62B82}
		{6F98C2F2-898A-421B-BE3D-68FE69EC0646} = {7408541C-F99C-4197-B203-136115BD1CB9}
		{CC55EA94-B545-404C-B5BF-0AD5358DFCB5} = {528AF273-C0D3-4D25-ACCF-B55665515C26}
		{23DAF539-548B-4B2B-B3EA-CF18273911CE} = {528AF273-C0D3-4D25-ACCF-B55665515C26}
		{BE8AE188-F4B6-4862-98BF-ACAC139B5BB9} = {528AF273-C0D3-4D25-ACCF-B55665515C26}
		{8A6BE497-C47B-4C13-AB43-B2E294788394} = {528AF273-C0D3-4D25-ACCF-B55665515C26}
		{F1E0DECB-03CE-4311-B0D0-0D856CC614EA} = {528AF273-C0D3-4D25-ACCF-B55665515C26}
		{A6DB2287-BECD-4767-9757-EA16216A1142} = {528AF273-C0D3-4D25-ACCF-B55665515C26}
		{6F829EE3-073C-4671-9CA9-CE1B8365AC5F} = {528AF273-C0D3-4D25-ACCF-B55665515C26}
		{48DB1ED7-6BD3-44F1-B304-84584EA68C60} = {528AF273-C0D3-4D25-ACCF-B55665515C26}
		{8147026D-BF9D-4EAC-A965-4EF55E30E10B} = {528AF273-C0D3-4D25-ACCF-B55665515C26}
		{5C00C0B2-5545-46E6-88E4-A12E2C22D1E1} = {528AF273-C0D3-4D25-ACCF-B55665515C26}
		{265D77FC-FF95-493C-852C-ADEF11BEFC48} = {528AF273-C0D3-4D25-ACCF-B55665515C26}
		{317305A2-E7F5-4435-81BA-7BB2AA0C5D73} = {528AF273-C0D3-4D25-ACCF-B55665515C26}
		{21D1C89A-C15B-4358-8C2E-DCB4C51A279D} = {528AF273-C0D3-4D25-ACCF-B55665515C26}
		{4244CCF7-9886-4E5C-9B23-B78B399927C5} = {528AF273-C0D3-4D25-ACCF-B55665515C26}
		{6E2B96D2-6D21-4499-A02F-57034E8353E9} = {528AF273-C0D3-4D25-ACCF-B55665515C26}
		{86C1EC13-9311-4260-855F-8EF9E6282F33} = {528AF273-C0D3-4D25-ACCF-B55665515C26}
		{42E65D50-FE6D-472F-947C-BF33C2520081} = {528AF273-C0D3-4D25-ACCF-B55665515C26}
		{7838CF95-E4B4-4B13-8C03-F1B1F1608C28} = {528AF273-C0D3-4D25-ACCF-B55665515C26}
		{3E1A8438-CC7D-4DCB-B576-0A031C09B4F5} = {528AF273-C0D3-4D25-ACCF-B55665515C26}
		{213C4226-E831-4CBC-9545-2D62F800DDF0} = {528AF273-C0D3-4D25-ACCF-B55665515C26}
		{EFF2D29C-D189-4048-9402-0AFC1364D663} = {528AF273-C0D3-4D25-ACCF-B55665515C26}
		{CCE4DC0A-8E61-4A9E-8EF6-3DC8A03162F1} = {528AF273-C0D3-4D25-ACCF-B55665515C26}
		{2E9BC533-ED2C-453F-BB6F-90E6DA3D0785} = {528AF273-C0D3-4D25-ACCF-B55665515C26}
		{CF19C6A0-BD8B-480C-8796-BFB8BE960B12} = {528AF273-C0D3-4D25-ACCF-B55665515C26}
		{F8A18B3B-AA8B-42CB-9BBD-DAD18CB4858F} = {528AF273-C0D3-4D25-ACCF-B55665515C26}
		{E189D2DE-E65E-4861-AA90-BCB777AF1D2C} = {528AF273-C0D3-4D25-ACCF-B55665515C26}
		{DFF92D94-4131-4C57-8286-9B5E16E6DA30} = {528AF273-C0D3-4D25-ACCF-B55665515C26}
		{18F0278F-BEF3-41E3-9064-5FD94FC81C23} = {528AF273-C0D3-4D25-ACCF-B55665515C26}
		{4DA83367-E03C-4A42-B4F2-DB08BEFE25A9} = {528AF273-C0D3-4D25-ACCF-B55665515C26}
		{94000EDC-D97F-4F7E-95B4-94481384B6BA} = {528AF273-C0D3-4D25-ACCF-B55665515C26}
		{942D1D98-7994-4AE2-A11B-EAB0D41B0A5D} = {528AF273-C0D3-4D25-ACCF-B55665515C26}
		{1D14631D-89F1-4159-B970-184ECF08A3A1} = {528AF273-C0D3-4D25-ACCF-B55665515C26}
		{897F6FD8-6F90-48E4-95A5-B4429B896205} = {A98E6C9C-09F0-485B-9171-5C3627F62B82}
		{7C7A0373-ABAE-4E98-9B20-BE3D99029152} = {415567C0-4FE3-4630-AB68-0A9EB6BFA5A0}
	EndGlobalSection
	GlobalSection(ExtensibilityGlobals) = postSolution
		SolutionGuid = {38BF8F07-749F-4441-984A-42A717301C8E}
	EndGlobalSection
EndGlobal
